// !$*UTF8*$!
{
	archiveVersion = 1;
	classes = {
	};
	objectVersion = 53;
	objects = {

/* Begin PBXBuildFile section */
		967D384B29CE3F1100461E0B /* UIKit.framework in Frameworks */ = {isa = PBXBuildFile; fileRef = 967D384A29CE3F1000461E0B /* UIKit.framework */; };
		967D384D29CE3F2200461E0B /* Foundation.framework in Frameworks */ = {isa = PBXBuildFile; fileRef = 967D384C29CE3F2200461E0B /* Foundation.framework */; };
		96A33D9B29CCCDE10079EEDF /* Assets.xcassets in Resources */ = {isa = PBXBuildFile; fileRef = 96A33D9A29CCCDE10079EEDF /* Assets.xcassets */; };
		96A33D9E29CCCDE10079EEDF /* LaunchScreen.storyboard in Resources */ = {isa = PBXBuildFile; fileRef = 96A33D9C29CCCDE10079EEDF /* LaunchScreen.storyboard */; };
		96A33DC429CCCEC00079EEDF /* main.cpp in Sources */ = {isa = PBXBuildFile; fileRef = 96A33DC329CCCEC00079EEDF /* main.cpp */; };
		96A33DCB29CCD02A0079EEDF /* UniversalUI in Resources */ = {isa = PBXBuildFile; fileRef = 96A33DCA29CCD02A0079EEDF /* UniversalUI */; };
		96A33DD029CCD5590079EEDF /* libUniversalUI.a in Frameworks */ = {isa = PBXBuildFile; fileRef = 96A33DCF29CCD5270079EEDF /* libUniversalUI.a */; };
/* End PBXBuildFile section */

/* Begin PBXContainerItemProxy section */
		96A33DA729CCCDE10079EEDF /* PBXContainerItemProxy */ = {
			isa = PBXContainerItemProxy;
			containerPortal = 96A33D8329CCCDE00079EEDF /* Project object */;
			proxyType = 1;
			remoteGlobalIDString = 96A33D8A29CCCDE00079EEDF;
			remoteInfo = MyApp;
		};
		96A33DB129CCCDE10079EEDF /* PBXContainerItemProxy */ = {
			isa = PBXContainerItemProxy;
			containerPortal = 96A33D8329CCCDE00079EEDF /* Project object */;
			proxyType = 1;
			remoteGlobalIDString = 96A33D8A29CCCDE00079EEDF;
			remoteInfo = MyApp;
		};
/* End PBXContainerItemProxy section */

/* Begin PBXCopyFilesBuildPhase section */
		96A33DC929CCCF720079EEDF /* Embed Libraries */ = {
			isa = PBXCopyFilesBuildPhase;
			buildActionMask = 2147483647;
			dstPath = "";
			dstSubfolderSpec = 10;
			files = (
			);
			name = "Embed Libraries";
			runOnlyForDeploymentPostprocessing = 0;
		};
/* End PBXCopyFilesBuildPhase section */

/* Begin PBXFileReference section */
		967D384A29CE3F1000461E0B /* UIKit.framework */ = {isa = PBXFileReference; lastKnownFileType = wrapper.framework; name = UIKit.framework; path = System/Library/Frameworks/UIKit.framework; sourceTree = SDKROOT; };
		967D384C29CE3F2200461E0B /* Foundation.framework */ = {isa = PBXFileReference; lastKnownFileType = wrapper.framework; name = Foundation.framework; path = System/Library/Frameworks/Foundation.framework; sourceTree = SDKROOT; };
		96A33D8B29CCCDE00079EEDF /* MyApp.app */ = {isa = PBXFileReference; explicitFileType = wrapper.application; includeInIndex = 0; path = MyApp.app; sourceTree = BUILT_PRODUCTS_DIR; };
		96A33D9A29CCCDE10079EEDF /* Assets.xcassets */ = {isa = PBXFileReference; lastKnownFileType = folder.assetcatalog; path = Assets.xcassets; sourceTree = "<group>"; };
		96A33D9D29CCCDE10079EEDF /* Base */ = {isa = PBXFileReference; lastKnownFileType = file.storyboard; name = Base; path = Base.lproj/LaunchScreen.storyboard; sourceTree = "<group>"; };
		96A33D9F29CCCDE10079EEDF /* Info.plist */ = {isa = PBXFileReference; lastKnownFileType = text.plist.xml; path = Info.plist; sourceTree = "<group>"; };
		96A33DA629CCCDE10079EEDF /* MyAppTests.xctest */ = {isa = PBXFileReference; explicitFileType = wrapper.cfbundle; includeInIndex = 0; path = MyAppTests.xctest; sourceTree = BUILT_PRODUCTS_DIR; };
		96A33DB029CCCDE10079EEDF /* MyAppUITests.xctest */ = {isa = PBXFileReference; explicitFileType = wrapper.cfbundle; includeInIndex = 0; path = MyAppUITests.xctest; sourceTree = BUILT_PRODUCTS_DIR; };
		96A33DC329CCCEC00079EEDF /* main.cpp */ = {isa = PBXFileReference; lastKnownFileType = sourcecode.cpp.cpp; path = main.cpp; sourceTree = "<group>"; };
		96A33DCA29CCD02A0079EEDF /* UniversalUI */ = {isa = PBXFileReference; lastKnownFileType = folder; name = UniversalUI; path = ../../UniversalUI; sourceTree = "<group>"; };
		96A33DCF29CCD5270079EEDF /* libUniversalUI.a */ = {isa = PBXFileReference; lastKnownFileType = archive.ar; name = libUniversalUI.a; path = Lib/libUniversalUI.a; sourceTree = "<group>"; };
/* End PBXFileReference section */

/* Begin PBXFrameworksBuildPhase section */
		96A33D8829CCCDE00079EEDF /* Frameworks */ = {
			isa = PBXFrameworksBuildPhase;
			buildActionMask = 2147483647;
			files = (
				96A33DD029CCD5590079EEDF /* libUniversalUI.a in Frameworks */,
				967D384D29CE3F2200461E0B /* Foundation.framework in Frameworks */,
				967D384B29CE3F1100461E0B /* UIKit.framework in Frameworks */,
			);
			runOnlyForDeploymentPostprocessing = 0;
		};
		96A33DA329CCCDE10079EEDF /* Frameworks */ = {
			isa = PBXFrameworksBuildPhase;
			buildActionMask = 2147483647;
			files = (
			);
			runOnlyForDeploymentPostprocessing = 0;
		};
		96A33DAD29CCCDE10079EEDF /* Frameworks */ = {
			isa = PBXFrameworksBuildPhase;
			buildActionMask = 2147483647;
			files = (
			);
			runOnlyForDeploymentPostprocessing = 0;
		};
/* End PBXFrameworksBuildPhase section */

/* Begin PBXGroup section */
		96A33D8229CCCDE00079EEDF = {
			isa = PBXGroup;
			children = (
				96A33DC329CCCEC00079EEDF /* main.cpp */,
				96A33DCA29CCD02A0079EEDF /* UniversalUI */,
				96A33D9A29CCCDE10079EEDF /* Assets.xcassets */,
				96A33D9C29CCCDE10079EEDF /* LaunchScreen.storyboard */,
				96A33D8D29CCCDE00079EEDF /* MyApp */,
				96A33D8C29CCCDE00079EEDF /* Products */,
				96A33DC529CCCF710079EEDF /* Frameworks */,
			);
			sourceTree = "<group>";
		};
		96A33D8C29CCCDE00079EEDF /* Products */ = {
			isa = PBXGroup;
			children = (
				96A33D8B29CCCDE00079EEDF /* MyApp.app */,
				96A33DA629CCCDE10079EEDF /* MyAppTests.xctest */,
				96A33DB029CCCDE10079EEDF /* MyAppUITests.xctest */,
			);
			name = Products;
			sourceTree = "<group>";
		};
		96A33D8D29CCCDE00079EEDF /* MyApp */ = {
			isa = PBXGroup;
			children = (
				96A33D9F29CCCDE10079EEDF /* Info.plist */,
			);
			path = MyApp;
			sourceTree = "<group>";
		};
		96A33DC529CCCF710079EEDF /* Frameworks */ = {
			isa = PBXGroup;
			children = (
				967D384C29CE3F2200461E0B /* Foundation.framework */,
				967D384A29CE3F1000461E0B /* UIKit.framework */,
				96A33DCF29CCD5270079EEDF /* libUniversalUI.a */,
			);
			name = Frameworks;
			sourceTree = "<group>";
		};
/* End PBXGroup section */

/* Begin PBXNativeTarget section */
		96A33D8A29CCCDE00079EEDF /* MyApp */ = {
			isa = PBXNativeTarget;
			buildConfigurationList = 96A33DBA29CCCDE10079EEDF /* Build configuration list for PBXNativeTarget "MyApp" */;
			buildPhases = (
				96A33D8729CCCDE00079EEDF /* Sources */,
				96A33D8829CCCDE00079EEDF /* Frameworks */,
				96A33D8929CCCDE00079EEDF /* Resources */,
				96A33DC929CCCF720079EEDF /* Embed Libraries */,
			);
			buildRules = (
			);
			dependencies = (
			);
			name = MyApp;
			productName = MyApp;
			productReference = 96A33D8B29CCCDE00079EEDF /* MyApp.app */;
			productType = "com.apple.product-type.application";
		};
		96A33DA529CCCDE10079EEDF /* MyAppTests */ = {
			isa = PBXNativeTarget;
			buildConfigurationList = 96A33DBD29CCCDE10079EEDF /* Build configuration list for PBXNativeTarget "MyAppTests" */;
			buildPhases = (
				96A33DA229CCCDE10079EEDF /* Sources */,
				96A33DA329CCCDE10079EEDF /* Frameworks */,
				96A33DA429CCCDE10079EEDF /* Resources */,
			);
			buildRules = (
			);
			dependencies = (
				96A33DA829CCCDE10079EEDF /* PBXTargetDependency */,
			);
			name = MyAppTests;
			productName = MyAppTests;
			productReference = 96A33DA629CCCDE10079EEDF /* MyAppTests.xctest */;
			productType = "com.apple.product-type.bundle.unit-test";
		};
		96A33DAF29CCCDE10079EEDF /* MyAppUITests */ = {
			isa = PBXNativeTarget;
			buildConfigurationList = 96A33DC029CCCDE10079EEDF /* Build configuration list for PBXNativeTarget "MyAppUITests" */;
			buildPhases = (
				96A33DAC29CCCDE10079EEDF /* Sources */,
				96A33DAD29CCCDE10079EEDF /* Frameworks */,
				96A33DAE29CCCDE10079EEDF /* Resources */,
			);
			buildRules = (
			);
			dependencies = (
				96A33DB229CCCDE10079EEDF /* PBXTargetDependency */,
			);
			name = MyAppUITests;
			productName = MyAppUITests;
			productReference = 96A33DB029CCCDE10079EEDF /* MyAppUITests.xctest */;
			productType = "com.apple.product-type.bundle.ui-testing";
		};
/* End PBXNativeTarget section */

/* Begin PBXProject section */
		96A33D8329CCCDE00079EEDF /* Project object */ = {
			isa = PBXProject;
			attributes = {
				BuildIndependentTargetsInParallel = 1;
				LastUpgradeCheck = 1420;
				TargetAttributes = {
					96A33D8A29CCCDE00079EEDF = {
						CreatedOnToolsVersion = 14.2;
					};
					96A33DA529CCCDE10079EEDF = {
						CreatedOnToolsVersion = 14.2;
						TestTargetID = 96A33D8A29CCCDE00079EEDF;
					};
					96A33DAF29CCCDE10079EEDF = {
						CreatedOnToolsVersion = 14.2;
						TestTargetID = 96A33D8A29CCCDE00079EEDF;
					};
				};
			};
			buildConfigurationList = 96A33D8629CCCDE00079EEDF /* Build configuration list for PBXProject "MyApp" */;
			compatibilityVersion = "Xcode 10.0";
			developmentRegion = en;
			hasScannedForEncodings = 0;
			knownRegions = (
				en,
				Base,
			);
			mainGroup = 96A33D8229CCCDE00079EEDF;
			productRefGroup = 96A33D8C29CCCDE00079EEDF /* Products */;
			projectDirPath = "";
			projectRoot = "";
			targets = (
				96A33D8A29CCCDE00079EEDF /* MyApp */,
				96A33DA529CCCDE10079EEDF /* MyAppTests */,
				96A33DAF29CCCDE10079EEDF /* MyAppUITests */,
			);
		};
/* End PBXProject section */

/* Begin PBXResourcesBuildPhase section */
		96A33D8929CCCDE00079EEDF /* Resources */ = {
			isa = PBXResourcesBuildPhase;
			buildActionMask = 2147483647;
			files = (
				96A33D9E29CCCDE10079EEDF /* LaunchScreen.storyboard in Resources */,
				96A33DCB29CCD02A0079EEDF /* UniversalUI in Resources */,
				96A33D9B29CCCDE10079EEDF /* Assets.xcassets in Resources */,
			);
			runOnlyForDeploymentPostprocessing = 0;
		};
		96A33DA429CCCDE10079EEDF /* Resources */ = {
			isa = PBXResourcesBuildPhase;
			buildActionMask = 2147483647;
			files = (
			);
			runOnlyForDeploymentPostprocessing = 0;
		};
		96A33DAE29CCCDE10079EEDF /* Resources */ = {
			isa = PBXResourcesBuildPhase;
			buildActionMask = 2147483647;
			files = (
			);
			runOnlyForDeploymentPostprocessing = 0;
		};
/* End PBXResourcesBuildPhase section */

/* Begin PBXSourcesBuildPhase section */
		96A33D8729CCCDE00079EEDF /* Sources */ = {
			isa = PBXSourcesBuildPhase;
			buildActionMask = 2147483647;
			files = (
				96A33DC429CCCEC00079EEDF /* main.cpp in Sources */,
			);
			runOnlyForDeploymentPostprocessing = 0;
		};
		96A33DA229CCCDE10079EEDF /* Sources */ = {
			isa = PBXSourcesBuildPhase;
			buildActionMask = 2147483647;
			files = (
			);
			runOnlyForDeploymentPostprocessing = 0;
		};
		96A33DAC29CCCDE10079EEDF /* Sources */ = {
			isa = PBXSourcesBuildPhase;
			buildActionMask = 2147483647;
			files = (
			);
			runOnlyForDeploymentPostprocessing = 0;
		};
/* End PBXSourcesBuildPhase section */

/* Begin PBXTargetDependency section */
		96A33DA829CCCDE10079EEDF /* PBXTargetDependency */ = {
			isa = PBXTargetDependency;
			target = 96A33D8A29CCCDE00079EEDF /* MyApp */;
			targetProxy = 96A33DA729CCCDE10079EEDF /* PBXContainerItemProxy */;
		};
		96A33DB229CCCDE10079EEDF /* PBXTargetDependency */ = {
			isa = PBXTargetDependency;
			target = 96A33D8A29CCCDE00079EEDF /* MyApp */;
			targetProxy = 96A33DB129CCCDE10079EEDF /* PBXContainerItemProxy */;
		};
/* End PBXTargetDependency section */

/* Begin PBXVariantGroup section */
		96A33D9C29CCCDE10079EEDF /* LaunchScreen.storyboard */ = {
			isa = PBXVariantGroup;
			children = (
				96A33D9D29CCCDE10079EEDF /* Base */,
			);
			name = LaunchScreen.storyboard;
			sourceTree = "<group>";
		};
/* End PBXVariantGroup section */

/* Begin XCBuildConfiguration section */
		96A33DB829CCCDE10079EEDF /* Debug */ = {
			isa = XCBuildConfiguration;
			buildSettings = {
				ALWAYS_SEARCH_USER_PATHS = NO;
				CLANG_ANALYZER_NONNULL = YES;
				CLANG_ANALYZER_NUMBER_OBJECT_CONVERSION = YES_AGGRESSIVE;
				CLANG_CXX_LANGUAGE_STANDARD = "gnu++20";
				CLANG_ENABLE_MODULES = YES;
				CLANG_ENABLE_OBJC_ARC = YES;
				CLANG_ENABLE_OBJC_WEAK = YES;
				CLANG_WARN_BLOCK_CAPTURE_AUTORELEASING = YES;
				CLANG_WARN_BOOL_CONVERSION = YES;
				CLANG_WARN_COMMA = YES;
				CLANG_WARN_CONSTANT_CONVERSION = YES;
				CLANG_WARN_DEPRECATED_OBJC_IMPLEMENTATIONS = YES;
				CLANG_WARN_DIRECT_OBJC_ISA_USAGE = YES_ERROR;
				CLANG_WARN_DOCUMENTATION_COMMENTS = YES;
				CLANG_WARN_EMPTY_BODY = YES;
				CLANG_WARN_ENUM_CONVERSION = YES;
				CLANG_WARN_INFINITE_RECURSION = YES;
				CLANG_WARN_INT_CONVERSION = YES;
				CLANG_WARN_NON_LITERAL_NULL_CONVERSION = YES;
				CLANG_WARN_OBJC_IMPLICIT_RETAIN_SELF = YES;
				CLANG_WARN_OBJC_LITERAL_CONVERSION = YES;
				CLANG_WARN_OBJC_ROOT_CLASS = YES_ERROR;
				CLANG_WARN_QUOTED_INCLUDE_IN_FRAMEWORK_HEADER = YES;
				CLANG_WARN_RANGE_LOOP_ANALYSIS = YES;
				CLANG_WARN_STRICT_PROTOTYPES = YES;
				CLANG_WARN_SUSPICIOUS_MOVE = YES;
				CLANG_WARN_UNGUARDED_AVAILABILITY = YES_AGGRESSIVE;
				CLANG_WARN_UNREACHABLE_CODE = YES;
				CLANG_WARN__DUPLICATE_METHOD_MATCH = YES;
				COPY_PHASE_STRIP = NO;
				DEBUG_INFORMATION_FORMAT = dwarf;
				ENABLE_STRICT_OBJC_MSGSEND = YES;
				ENABLE_TESTABILITY = YES;
				GCC_C_LANGUAGE_STANDARD = gnu11;
				GCC_DYNAMIC_NO_PIC = NO;
				GCC_NO_COMMON_BLOCKS = YES;
				GCC_OPTIMIZATION_LEVEL = 0;
				GCC_PREPROCESSOR_DEFINITIONS = (
					"DEBUG=1",
					"$(inherited)",
				);
				GCC_WARN_64_TO_32_BIT_CONVERSION = YES;
				GCC_WARN_ABOUT_RETURN_TYPE = YES_ERROR;
				GCC_WARN_UNDECLARED_SELECTOR = YES;
				GCC_WARN_UNINITIALIZED_AUTOS = YES_AGGRESSIVE;
				GCC_WARN_UNUSED_FUNCTION = YES;
				GCC_WARN_UNUSED_VARIABLE = YES;
				IPHONEOS_DEPLOYMENT_TARGET = 16.2;
				MTL_ENABLE_DEBUG_INFO = INCLUDE_SOURCE;
				MTL_FAST_MATH = YES;
				ONLY_ACTIVE_ARCH = YES;
				SDKROOT = iphoneos;
			};
			name = Debug;
		};
		96A33DB929CCCDE10079EEDF /* Release */ = {
			isa = XCBuildConfiguration;
			buildSettings = {
				ALWAYS_SEARCH_USER_PATHS = NO;
				CLANG_ANALYZER_NONNULL = YES;
				CLANG_ANALYZER_NUMBER_OBJECT_CONVERSION = YES_AGGRESSIVE;
				CLANG_CXX_LANGUAGE_STANDARD = "gnu++20";
				CLANG_ENABLE_MODULES = YES;
				CLANG_ENABLE_OBJC_ARC = YES;
				CLANG_ENABLE_OBJC_WEAK = YES;
				CLANG_WARN_BLOCK_CAPTURE_AUTORELEASING = YES;
				CLANG_WARN_BOOL_CONVERSION = YES;
				CLANG_WARN_COMMA = YES;
				CLANG_WARN_CONSTANT_CONVERSION = YES;
				CLANG_WARN_DEPRECATED_OBJC_IMPLEMENTATIONS = YES;
				CLANG_WARN_DIRECT_OBJC_ISA_USAGE = YES_ERROR;
				CLANG_WARN_DOCUMENTATION_COMMENTS = YES;
				CLANG_WARN_EMPTY_BODY = YES;
				CLANG_WARN_ENUM_CONVERSION = YES;
				CLANG_WARN_INFINITE_RECURSION = YES;
				CLANG_WARN_INT_CONVERSION = YES;
				CLANG_WARN_NON_LITERAL_NULL_CONVERSION = YES;
				CLANG_WARN_OBJC_IMPLICIT_RETAIN_SELF = YES;
				CLANG_WARN_OBJC_LITERAL_CONVERSION = YES;
				CLANG_WARN_OBJC_ROOT_CLASS = YES_ERROR;
				CLANG_WARN_QUOTED_INCLUDE_IN_FRAMEWORK_HEADER = YES;
				CLANG_WARN_RANGE_LOOP_ANALYSIS = YES;
				CLANG_WARN_STRICT_PROTOTYPES = YES;
				CLANG_WARN_SUSPICIOUS_MOVE = YES;
				CLANG_WARN_UNGUARDED_AVAILABILITY = YES_AGGRESSIVE;
				CLANG_WARN_UNREACHABLE_CODE = YES;
				CLANG_WARN__DUPLICATE_METHOD_MATCH = YES;
				COPY_PHASE_STRIP = NO;
				DEBUG_INFORMATION_FORMAT = "dwarf-with-dsym";
				ENABLE_NS_ASSERTIONS = NO;
				ENABLE_STRICT_OBJC_MSGSEND = YES;
				GCC_C_LANGUAGE_STANDARD = gnu11;
				GCC_NO_COMMON_BLOCKS = YES;
				GCC_WARN_64_TO_32_BIT_CONVERSION = YES;
				GCC_WARN_ABOUT_RETURN_TYPE = YES_ERROR;
				GCC_WARN_UNDECLARED_SELECTOR = YES;
				GCC_WARN_UNINITIALIZED_AUTOS = YES_AGGRESSIVE;
				GCC_WARN_UNUSED_FUNCTION = YES;
				GCC_WARN_UNUSED_VARIABLE = YES;
				IPHONEOS_DEPLOYMENT_TARGET = 16.2;
				MTL_ENABLE_DEBUG_INFO = NO;
				MTL_FAST_MATH = YES;
				SDKROOT = iphoneos;
				VALIDATE_PRODUCT = YES;
			};
			name = Release;
		};
		96A33DBB29CCCDE10079EEDF /* Debug */ = {
			isa = XCBuildConfiguration;
			buildSettings = {
				ASSETCATALOG_COMPILER_APPICON_NAME = AppIcon;
				ASSETCATALOG_COMPILER_GLOBAL_ACCENT_COLOR_NAME = AccentColor;
				CODE_SIGN_STYLE = Automatic;
				CURRENT_PROJECT_VERSION = 1;
				DEVELOPMENT_TEAM = 6YVVLBH5K4;
				GENERATE_INFOPLIST_FILE = YES;
				HEADER_SEARCH_PATHS = ./../../;
				INFOPLIST_FILE = MyApp/Info.plist;
				INFOPLIST_KEY_UIApplicationSupportsIndirectInputEvents = YES;
				INFOPLIST_KEY_UILaunchStoryboardName = LaunchScreen;
				INFOPLIST_KEY_UISupportedInterfaceOrientations_iPad = "UIInterfaceOrientationPortrait UIInterfaceOrientationPortraitUpsideDown UIInterfaceOrientationLandscapeLeft UIInterfaceOrientationLandscapeRight";
				INFOPLIST_KEY_UISupportedInterfaceOrientations_iPhone = "UIInterfaceOrientationPortrait UIInterfaceOrientationLandscapeLeft UIInterfaceOrientationLandscapeRight";
				LD_RUNPATH_SEARCH_PATHS = (
					"$(inherited)",
					"@executable_path/Frameworks",
					"@executable_path/../Frameworks",
				);
				LIBRARY_SEARCH_PATHS = (
					"$(inherited)",
					"$(PROJECT_DIR)/Lib",
				);
				MARKETING_VERSION = 1.0;
				PRODUCT_BUNDLE_IDENTIFIER = SebHall.MyApp;
				PRODUCT_NAME = "$(TARGET_NAME)";
				SWIFT_EMIT_LOC_STRINGS = YES;
				TARGETED_DEVICE_FAMILY = "1,2";
			};
			name = Debug;
		};
		96A33DBC29CCCDE10079EEDF /* Release */ = {
			isa = XCBuildConfiguration;
			buildSettings = {
				ASSETCATALOG_COMPILER_APPICON_NAME = AppIcon;
				ASSETCATALOG_COMPILER_GLOBAL_ACCENT_COLOR_NAME = AccentColor;
				CODE_SIGN_STYLE = Automatic;
				CURRENT_PROJECT_VERSION = 1;
				DEVELOPMENT_TEAM = 6YVVLBH5K4;
				GENERATE_INFOPLIST_FILE = YES;
				HEADER_SEARCH_PATHS = ./../../;
				INFOPLIST_FILE = MyApp/Info.plist;
				INFOPLIST_KEY_UIApplicationSupportsIndirectInputEvents = YES;
				INFOPLIST_KEY_UILaunchStoryboardName = LaunchScreen;
				INFOPLIST_KEY_UISupportedInterfaceOrientations_iPad = "UIInterfaceOrientationPortrait UIInterfaceOrientationPortraitUpsideDown UIInterfaceOrientationLandscapeLeft UIInterfaceOrientationLandscapeRight";
				INFOPLIST_KEY_UISupportedInterfaceOrientations_iPhone = "UIInterfaceOrientationPortrait UIInterfaceOrientationLandscapeLeft UIInterfaceOrientationLandscapeRight";
				LD_RUNPATH_SEARCH_PATHS = (
					"$(inherited)",
					"@executable_path/Frameworks",
					"@executable_path/../Frameworks",
				);
				LIBRARY_SEARCH_PATHS = (
					"$(inherited)",
					"$(PROJECT_DIR)/Lib",
				);
				MARKETING_VERSION = 1.0;
				PRODUCT_BUNDLE_IDENTIFIER = SebHall.MyApp;
				PRODUCT_NAME = "$(TARGET_NAME)";
				SWIFT_EMIT_LOC_STRINGS = YES;
				TARGETED_DEVICE_FAMILY = "1,2";
			};
			name = Release;
		};
		96A33DBE29CCCDE10079EEDF /* Debug */ = {
			isa = XCBuildConfiguration;
			buildSettings = {
				BUNDLE_LOADER = "$(TEST_HOST)";
				CODE_SIGN_STYLE = Automatic;
				CURRENT_PROJECT_VERSION = 1;
				DEVELOPMENT_TEAM = 6YVVLBH5K4;
				GENERATE_INFOPLIST_FILE = YES;
				IPHONEOS_DEPLOYMENT_TARGET = 16.2;
				MARKETING_VERSION = 1.0;
				PRODUCT_BUNDLE_IDENTIFIER = SebHall.MyAppTests;
				PRODUCT_NAME = "$(TARGET_NAME)";
				SWIFT_EMIT_LOC_STRINGS = NO;
				TARGETED_DEVICE_FAMILY = "1,2";
				TEST_HOST = "$(BUILT_PRODUCTS_DIR)/MyApp.app/$(BUNDLE_EXECUTABLE_FOLDER_PATH)/MyApp";
			};
			name = Debug;
		};
		96A33DBF29CCCDE10079EEDF /* Release */ = {
			isa = XCBuildConfiguration;
			buildSettings = {
				BUNDLE_LOADER = "$(TEST_HOST)";
				CODE_SIGN_STYLE = Automatic;
				CURRENT_PROJECT_VERSION = 1;
				DEVELOPMENT_TEAM = 6YVVLBH5K4;
				GENERATE_INFOPLIST_FILE = YES;
				IPHONEOS_DEPLOYMENT_TARGET = 16.2;
				MARKETING_VERSION = 1.0;
				PRODUCT_BUNDLE_IDENTIFIER = SebHall.MyAppTests;
				PRODUCT_NAME = "$(TARGET_NAME)";
				SWIFT_EMIT_LOC_STRINGS = NO;
				TARGETED_DEVICE_FAMILY = "1,2";
				TEST_HOST = "$(BUILT_PRODUCTS_DIR)/MyApp.app/$(BUNDLE_EXECUTABLE_FOLDER_PATH)/MyApp";
			};
			name = Release;
		};
		96A33DC129CCCDE10079EEDF /* Debug */ = {
			isa = XCBuildConfiguration;
			buildSettings = {
				CODE_SIGN_STYLE = Automatic;
				CURRENT_PROJECT_VERSION = 1;
				DEVELOPMENT_TEAM = 6YVVLBH5K4;
				GENERATE_INFOPLIST_FILE = YES;
				MARKETING_VERSION = 1.0;
				PRODUCT_BUNDLE_IDENTIFIER = SebHall.MyAppUITests;
				PRODUCT_NAME = "$(TARGET_NAME)";
				SWIFT_EMIT_LOC_STRINGS = NO;
				TARGETED_DEVICE_FAMILY = "1,2";
				TEST_TARGET_NAME = MyApp;
			};
			name = Debug;
		};
		96A33DC229CCCDE10079EEDF /* Release */ = {
			isa = XCBuildConfiguration;
			buildSettings = {
				CODE_SIGN_STYLE = Automatic;
				CURRENT_PROJECT_VERSION = 1;
				DEVELOPMENT_TEAM = 6YVVLBH5K4;
				GENERATE_INFOPLIST_FILE = YES;
				MARKETING_VERSION = 1.0;
				PRODUCT_BUNDLE_IDENTIFIER = SebHall.MyAppUITests;
				PRODUCT_NAME = "$(TARGET_NAME)";
				SWIFT_EMIT_LOC_STRINGS = NO;
				TARGETED_DEVICE_FAMILY = "1,2";
				TEST_TARGET_NAME = MyApp;
			};
			name = Release;
		};
/* End XCBuildConfiguration section */

/* Begin XCConfigurationList section */
		96A33D8629CCCDE00079EEDF /* Build configuration list for PBXProject "MyApp" */ = {
			isa = XCConfigurationList;
			buildConfigurations = (
				96A33DB829CCCDE10079EEDF /* Debug */,
				96A33DB929CCCDE10079EEDF /* Release */,
			);
			defaultConfigurationIsVisible = 0;
			defaultConfigurationName = Release;
		};
		96A33DBA29CCCDE10079EEDF /* Build configuration list for PBXNativeTarget "MyApp" */ = {
			isa = XCConfigurationList;
			buildConfigurations = (
				96A33DBB29CCCDE10079EEDF /* Debug */,
				96A33DBC29CCCDE10079EEDF /* Release */,
			);
			defaultConfigurationIsVisible = 0;
			defaultConfigurationName = Release;
		};
		96A33DBD29CCCDE10079EEDF /* Build configuration list for PBXNativeTarget "MyAppTests" */ = {
			isa = XCConfigurationList;
			buildConfigurations = (
				96A33DBE29CCCDE10079EEDF /* Debug */,
				96A33DBF29CCCDE10079EEDF /* Release */,
			);
			defaultConfigurationIsVisible = 0;
			defaultConfigurationName = Release;
		};
		96A33DC029CCCDE10079EEDF /* Build configuration list for PBXNativeTarget "MyAppUITests" */ = {
			isa = XCConfigurationList;
			buildConfigurations = (
				96A33DC129CCCDE10079EEDF /* Debug */,
				96A33DC229CCCDE10079EEDF /* Release */,
			);
			defaultConfigurationIsVisible = 0;
			defaultConfigurationName = Release;
		};
/* End XCConfigurationList section */
	};
	rootObject = 96A33D8329CCCDE00079EEDF /* Project object */;
}
