// !$*UTF8*$!
{
	archiveVersion = 1;
	classes = {
	};
	objectVersion = 56;
	objects = {

/* Begin PBXBuildFile section */
		96F4AB6F29CC678200EB30B3 /* UniversalUI.h in Headers */ = {isa = PBXBuildFile; fileRef = 96F4AB6E29CC678200EB30B3 /* UniversalUI.h */; };
		96F4AB7129CC678200EB30B3 /* UniversalUI.m in Sources */ = {isa = PBXBuildFile; fileRef = 96F4AB7029CC678200EB30B3 /* UniversalUI.m */; };
/* End PBXBuildFile section */

/* Begin PBXFileReference section */
		96F4AB6B29CC678200EB30B3 /* libUniversalUI.dylib */ = {isa = PBXFileReference; explicitFileType = "compiled.mach-o.dylib"; includeInIndex = 0; path = libUniversalUI.dylib; sourceTree = BUILT_PRODUCTS_DIR; };
		96F4AB6E29CC678200EB30B3 /* UniversalUI.h */ = {isa = PBXFileReference; lastKnownFileType = sourcecode.c.h; path = UniversalUI.h; sourceTree = "<group>"; };
		96F4AB7029CC678200EB30B3 /* UniversalUI.m */ = {isa = PBXFileReference; lastKnownFileType = sourcecode.c.objc; path = UniversalUI.m; sourceTree = "<group>"; };
		96F4AB7729CC67D800EB30B3 /* UniversalUI */ = {isa = PBXFileReference; lastKnownFileType = folder; name = UniversalUI; path = ../../../UniversalUI; sourceTree = "<group>"; };
		96F4AB7829CC67D800EB30B3 /* UniversalUI-Source */ = {isa = PBXFileReference; lastKnownFileType = folder; name = "UniversalUI-Source"; path = "../../../UniversalUI-Source"; sourceTree = "<group>"; };
/* End PBXFileReference section */

/* Begin PBXFrameworksBuildPhase section */
		96F4AB6929CC678200EB30B3 /* Frameworks */ = {
			isa = PBXFrameworksBuildPhase;
			buildActionMask = 2147483647;
			files = (
			);
			runOnlyForDeploymentPostprocessing = 0;
		};
/* End PBXFrameworksBuildPhase section */

/* Begin PBXGroup section */
		96F4AB6229CC678200EB30B3 = {
			isa = PBXGroup;
			children = (
				96F4AB6D29CC678200EB30B3 /* UniversalUI */,
				96F4AB6C29CC678200EB30B3 /* Products */,
			);
			sourceTree = "<group>";
		};
		96F4AB6C29CC678200EB30B3 /* Products */ = {
			isa = PBXGroup;
			children = (
				96F4AB6B29CC678200EB30B3 /* libUniversalUI.dylib */,
			);
			name = Products;
			sourceTree = "<group>";
		};
		96F4AB6D29CC678200EB30B3 /* UniversalUI */ = {
			isa = PBXGroup;
			children = (
				96F4AB6E29CC678200EB30B3 /* UniversalUI.h */,
				96F4AB7729CC67D800EB30B3 /* UniversalUI */,
				96F4AB7829CC67D800EB30B3 /* UniversalUI-Source */,
				96F4AB7029CC678200EB30B3 /* UniversalUI.m */,
			);
			path = UniversalUI;
			sourceTree = "<group>";
		};
/* End PBXGroup section */

/* Begin PBXHeadersBuildPhase section */
		96F4AB6729CC678200EB30B3 /* Headers */ = {
			isa = PBXHeadersBuildPhase;
			buildActionMask = 2147483647;
			files = (
				96F4AB6F29CC678200EB30B3 /* UniversalUI.h in Headers */,
			);
			runOnlyForDeploymentPostprocessing = 0;
		};
/* End PBXHeadersBuildPhase section */

/* Begin PBXNativeTarget section */
		96F4AB6A29CC678200EB30B3 /* UniversalUI */ = {
			isa = PBXNativeTarget;
			buildConfigurationList = 96F4AB7429CC678200EB30B3 /* Build configuration list for PBXNativeTarget "UniversalUI" */;
			buildPhases = (
				96F4AB6729CC678200EB30B3 /* Headers */,
				96F4AB6829CC678200EB30B3 /* Sources */,
				96F4AB6929CC678200EB30B3 /* Frameworks */,
			);
			buildRules = (
			);
			dependencies = (
			);
			name = UniversalUI;
			productName = UniversalUI;
			productReference = 96F4AB6B29CC678200EB30B3 /* libUniversalUI.dylib */;
			productType = "com.apple.product-type.library.dynamic";
		};
/* End PBXNativeTarget section */

/* Begin PBXProject section */
		96F4AB6329CC678200EB30B3 /* Project object */ = {
			isa = PBXProject;
			attributes = {
				BuildIndependentTargetsInParallel = 1;
				LastUpgradeCheck = 1420;
				TargetAttributes = {
					96F4AB6A29CC678200EB30B3 = {
						CreatedOnToolsVersion = 14.2;
					};
				};
			};
			buildConfigurationList = 96F4AB6629CC678200EB30B3 /* Build configuration list for PBXProject "UniversalUI" */;
			compatibilityVersion = "Xcode 14.0";
			developmentRegion = en;
			hasScannedForEncodings = 0;
			knownRegions = (
				en,
				Base,
			);
			mainGroup = 96F4AB6229CC678200EB30B3;
			productRefGroup = 96F4AB6C29CC678200EB30B3 /* Products */;
			projectDirPath = "";
			projectRoot = "";
			targets = (
				96F4AB6A29CC678200EB30B3 /* UniversalUI */,
			);
		};
/* End PBXProject section */

/* Begin PBXSourcesBuildPhase section */
		96F4AB6829CC678200EB30B3 /* Sources */ = {
			isa = PBXSourcesBuildPhase;
			buildActionMask = 2147483647;
			files = (
				96F4AB7129CC678200EB30B3 /* UniversalUI.m in Sources */,
			);
			runOnlyForDeploymentPostprocessing = 0;
		};
/* End PBXSourcesBuildPhase section */

/* Begin XCBuildConfiguration section */
		96F4AB7229CC678200EB30B3 /* Debug */ = {
			isa = XCBuildConfiguration;
			buildSettings = {
				ALWAYS_SEARCH_USER_PATHS = NO;
				CLANG_ANALYZER_NONNULL = YES;
				CLANG_ANALYZER_NUMBER_OBJECT_CONVERSION = YES_AGGRESSIVE;
				CLANG_CXX_LANGUAGE_STANDARD = "gnu++20";
				CLANG_ENABLE_MODULES = YES;
				CLANG_ENABLE_OBJC_ARC = YES;
				CLANG_ENABLE_OBJC_WEAK = YES;
				CLANG_WARN_BLOCK_CAPTURE_AUTORELEASING = YES;
				CLANG_WARN_BOOL_CONVERSION = YES;
				CLANG_WARN_COMMA = YES;
				CLANG_WARN_CONSTANT_CONVERSION = YES;
				CLANG_WARN_DEPRECATED_OBJC_IMPLEMENTATIONS = YES;
				CLANG_WARN_DIRECT_OBJC_ISA_USAGE = YES_ERROR;
				CLANG_WARN_DOCUMENTATION_COMMENTS = YES;
				CLANG_WARN_EMPTY_BODY = YES;
				CLANG_WARN_ENUM_CONVERSION = YES;
				CLANG_WARN_INFINITE_RECURSION = YES;
				CLANG_WARN_INT_CONVERSION = YES;
				CLANG_WARN_NON_LITERAL_NULL_CONVERSION = YES;
				CLANG_WARN_OBJC_IMPLICIT_RETAIN_SELF = YES;
				CLANG_WARN_OBJC_LITERAL_CONVERSION = YES;
				CLANG_WARN_OBJC_ROOT_CLASS = YES_ERROR;
				CLANG_WARN_QUOTED_INCLUDE_IN_FRAMEWORK_HEADER = YES;
				CLANG_WARN_RANGE_LOOP_ANALYSIS = YES;
				CLANG_WARN_STRICT_PROTOTYPES = YES;
				CLANG_WARN_SUSPICIOUS_MOVE = YES;
				CLANG_WARN_UNGUARDED_AVAILABILITY = YES_AGGRESSIVE;
				CLANG_WARN_UNREACHABLE_CODE = YES;
				CLANG_WARN__DUPLICATE_METHOD_MATCH = YES;
				COPY_PHASE_STRIP = NO;
				DEBUG_INFORMATION_FORMAT = dwarf;
				ENABLE_STRICT_OBJC_MSGSEND = YES;
				ENABLE_TESTABILITY = YES;
				GCC_C_LANGUAGE_STANDARD = gnu11;
				GCC_DYNAMIC_NO_PIC = NO;
				GCC_NO_COMMON_BLOCKS = YES;
				GCC_OPTIMIZATION_LEVEL = 0;
				GCC_PREPROCESSOR_DEFINITIONS = (
					"DEBUG=1",
					"$(inherited)",
				);
				GCC_WARN_64_TO_32_BIT_CONVERSION = YES;
				GCC_WARN_ABOUT_RETURN_TYPE = YES_ERROR;
				GCC_WARN_UNDECLARED_SELECTOR = YES;
				GCC_WARN_UNINITIALIZED_AUTOS = YES_AGGRESSIVE;
				GCC_WARN_UNUSED_FUNCTION = YES;
				GCC_WARN_UNUSED_VARIABLE = YES;
				MACOSX_DEPLOYMENT_TARGET = 13.1;
				MTL_ENABLE_DEBUG_INFO = INCLUDE_SOURCE;
				MTL_FAST_MATH = YES;
				ONLY_ACTIVE_ARCH = YES;
				SDKROOT = macosx;
			};
			name = Debug;
		};
		96F4AB7329CC678200EB30B3 /* Release */ = {
			isa = XCBuildConfiguration;
			buildSettings = {
				ALWAYS_SEARCH_USER_PATHS = NO;
				CLANG_ANALYZER_NONNULL = YES;
				CLANG_ANALYZER_NUMBER_OBJECT_CONVERSION = YES_AGGRESSIVE;
				CLANG_CXX_LANGUAGE_STANDARD = "gnu++20";
				CLANG_ENABLE_MODULES = YES;
				CLANG_ENABLE_OBJC_ARC = YES;
				CLANG_ENABLE_OBJC_WEAK = YES;
				CLANG_WARN_BLOCK_CAPTURE_AUTORELEASING = YES;
				CLANG_WARN_BOOL_CONVERSION = YES;
				CLANG_WARN_COMMA = YES;
				CLANG_WARN_CONSTANT_CONVERSION = YES;
				CLANG_WARN_DEPRECATED_OBJC_IMPLEMENTATIONS = YES;
				CLANG_WARN_DIRECT_OBJC_ISA_USAGE = YES_ERROR;
				CLANG_WARN_DOCUMENTATION_COMMENTS = YES;
				CLANG_WARN_EMPTY_BODY = YES;
				CLANG_WARN_ENUM_CONVERSION = YES;
				CLANG_WARN_INFINITE_RECURSION = YES;
				CLANG_WARN_INT_CONVERSION = YES;
				CLANG_WARN_NON_LITERAL_NULL_CONVERSION = YES;
				CLANG_WARN_OBJC_IMPLICIT_RETAIN_SELF = YES;
				CLANG_WARN_OBJC_LITERAL_CONVERSION = YES;
				CLANG_WARN_OBJC_ROOT_CLASS = YES_ERROR;
				CLANG_WARN_QUOTED_INCLUDE_IN_FRAMEWORK_HEADER = YES;
				CLANG_WARN_RANGE_LOOP_ANALYSIS = YES;
				CLANG_WARN_STRICT_PROTOTYPES = YES;
				CLANG_WARN_SUSPICIOUS_MOVE = YES;
				CLANG_WARN_UNGUARDED_AVAILABILITY = YES_AGGRESSIVE;
				CLANG_WARN_UNREACHABLE_CODE = YES;
				CLANG_WARN__DUPLICATE_METHOD_MATCH = YES;
				COPY_PHASE_STRIP = NO;
				DEBUG_INFORMATION_FORMAT = "dwarf-with-dsym";
				ENABLE_NS_ASSERTIONS = NO;
				ENABLE_STRICT_OBJC_MSGSEND = YES;
				GCC_C_LANGUAGE_STANDARD = gnu11;
				GCC_NO_COMMON_BLOCKS = YES;
				GCC_WARN_64_TO_32_BIT_CONVERSION = YES;
				GCC_WARN_ABOUT_RETURN_TYPE = YES_ERROR;
				GCC_WARN_UNDECLARED_SELECTOR = YES;
				GCC_WARN_UNINITIALIZED_AUTOS = YES_AGGRESSIVE;
				GCC_WARN_UNUSED_FUNCTION = YES;
				GCC_WARN_UNUSED_VARIABLE = YES;
				MACOSX_DEPLOYMENT_TARGET = 13.1;
				MTL_ENABLE_DEBUG_INFO = NO;
				MTL_FAST_MATH = YES;
				SDKROOT = macosx;
			};
			name = Release;
		};
		96F4AB7529CC678200EB30B3 /* Debug */ = {
			isa = XCBuildConfiguration;
			buildSettings = {
				CODE_SIGN_STYLE = Automatic;
				DEVELOPMENT_TEAM = 6YVVLBH5K4;
				DYLIB_COMPATIBILITY_VERSION = 1;
				DYLIB_CURRENT_VERSION = 1;
				EXECUTABLE_PREFIX = lib;
				PRODUCT_NAME = "$(TARGET_NAME)";
				SKIP_INSTALL = YES;
			};
			name = Debug;
		};
		96F4AB7629CC678200EB30B3 /* Release */ = {
			isa = XCBuildConfiguration;
			buildSettings = {
				CODE_SIGN_STYLE = Automatic;
				DEVELOPMENT_TEAM = 6YVVLBH5K4;
				DYLIB_COMPATIBILITY_VERSION = 1;
				DYLIB_CURRENT_VERSION = 1;
				EXECUTABLE_PREFIX = lib;
				PRODUCT_NAME = "$(TARGET_NAME)";
				SKIP_INSTALL = YES;
			};
			name = Release;
		};
/* End XCBuildConfiguration section */

/* Begin XCConfigurationList section */
		96F4AB6629CC678200EB30B3 /* Build configuration list for PBXProject "UniversalUI" */ = {
			isa = XCConfigurationList;
			buildConfigurations = (
				96F4AB7229CC678200EB30B3 /* Debug */,
				96F4AB7329CC678200EB30B3 /* Release */,
			);
			defaultConfigurationIsVisible = 0;
			defaultConfigurationName = Release;
		};
		96F4AB7429CC678200EB30B3 /* Build configuration list for PBXNativeTarget "UniversalUI" */ = {
			isa = XCConfigurationList;
			buildConfigurations = (
				96F4AB7529CC678200EB30B3 /* Debug */,
				96F4AB7629CC678200EB30B3 /* Release */,
			);
			defaultConfigurationIsVisible = 0;
			defaultConfigurationName = Release;
		};
/* End XCConfigurationList section */
	};
	rootObject = 96F4AB6329CC678200EB30B3 /* Project object */;
}
