// !$*UTF8*$!
{
	archiveVersion = 1;
	classes = {
	};
	objectVersion = 56;
	objects = {

/* Begin PBXBuildFile section */
		96F4ABA629CC6E6000EB30B3 /* Assets.xcassets in Resources */ = {isa = PBXBuildFile; fileRef = 96F4ABA529CC6E6000EB30B3 /* Assets.xcassets */; };
		96F4ABD129CC6F0100EB30B3 /* main.cpp in Sources */ = {isa = PBXBuildFile; fileRef = 96F4ABD029CC6F0100EB30B3 /* main.cpp */; };
		96F4ABD329CC6F4A00EB30B3 /* UniversalUI in Resources */ = {isa = PBXBuildFile; fileRef = 96F4ABD229CC6F4A00EB30B3 /* UniversalUI */; };
		96F4ABD729CC703500EB30B3 /* libUniversalUI.dylib in Frameworks */ = {isa = PBXBuildFile; fileRef = 96F4ABD629CC703500EB30B3 /* libUniversalUI.dylib */; };
		96F4ABD829CC714300EB30B3 /* libUniversalUI.dylib in Embed Libraries */ = {isa = PBXBuildFile; fileRef = 96F4ABD629CC703500EB30B3 /* libUniversalUI.dylib */; settings = {ATTRIBUTES = (CodeSignOnCopy, ); }; };
/* End PBXBuildFile section */

/* Begin PBXContainerItemProxy section */
		96F4ABB229CC6E6000EB30B3 /* PBXContainerItemProxy */ = {
			isa = PBXContainerItemProxy;
			containerPortal = 96F4AB9429CC6E5F00EB30B3 /* Project object */;
			proxyType = 1;
			remoteGlobalIDString = 96F4AB9B29CC6E5F00EB30B3;
			remoteInfo = MyApp;
		};
		96F4ABBC29CC6E6000EB30B3 /* PBXContainerItemProxy */ = {
			isa = PBXContainerItemProxy;
			containerPortal = 96F4AB9429CC6E5F00EB30B3 /* Project object */;
			proxyType = 1;
			remoteGlobalIDString = 96F4AB9B29CC6E5F00EB30B3;
			remoteInfo = MyApp;
		};
/* End PBXContainerItemProxy section */

/* Begin PBXCopyFilesBuildPhase section */
		96F4ABD929CC714300EB30B3 /* Embed Libraries */ = {
			isa = PBXCopyFilesBuildPhase;
			buildActionMask = 2147483647;
			dstPath = "";
			dstSubfolderSpec = 10;
			files = (
				96F4ABD829CC714300EB30B3 /* libUniversalUI.dylib in Embed Libraries */,
			);
			name = "Embed Libraries";
			runOnlyForDeploymentPostprocessing = 0;
		};
/* End PBXCopyFilesBuildPhase section */

/* Begin PBXFileReference section */
		96F4AB9C29CC6E5F00EB30B3 /* MyApp.app */ = {isa = PBXFileReference; explicitFileType = wrapper.application; includeInIndex = 0; name = MyApp.app; path = "/Users/seb/Documents/UniversalUI/UniversalUI/UUI-macOS/App/build/Debug/MyApp.app"; sourceTree = "<absolute>"; };
		96F4ABA529CC6E6000EB30B3 /* Assets.xcassets */ = {isa = PBXFileReference; lastKnownFileType = folder.assetcatalog; path = Assets.xcassets; sourceTree = "<group>"; };
		96F4ABB129CC6E6000EB30B3 /* MyAppTests.xctest */ = {isa = PBXFileReference; explicitFileType = wrapper.cfbundle; includeInIndex = 0; name = MyAppTests.xctest; path = "/Users/seb/Documents/UniversalUI/UniversalUI/UUI-macOS/App/build/Debug/MyAppTests.xctest"; sourceTree = "<absolute>"; };
		96F4ABBB29CC6E6000EB30B3 /* MyAppUITests.xctest */ = {isa = PBXFileReference; explicitFileType = wrapper.cfbundle; includeInIndex = 0; name = MyAppUITests.xctest; path = "/Users/seb/Documents/UniversalUI/UniversalUI/UUI-macOS/App/build/Debug/MyAppUITests.xctest"; sourceTree = "<absolute>"; };
		96F4ABD029CC6F0100EB30B3 /* main.cpp */ = {isa = PBXFileReference; lastKnownFileType = sourcecode.cpp.cpp; path = main.cpp; sourceTree = "<group>"; };
		96F4ABD229CC6F4A00EB30B3 /* UniversalUI */ = {isa = PBXFileReference; lastKnownFileType = folder; name = UniversalUI; path = ../../UniversalUI; sourceTree = "<group>"; };
		96F4ABD429CC6FD900EB30B3 /* MyApp.entitlements */ = {isa = PBXFileReference; fileEncoding = 4; lastKnownFileType = text.plist.entitlements; name = MyApp.entitlements; path = MyApp/MyApp.entitlements; sourceTree = "<group>"; };
		96F4ABD629CC703500EB30B3 /* libUniversalUI.dylib */ = {isa = PBXFileReference; lastKnownFileType = "compiled.mach-o.dylib"; name = libUniversalUI.dylib; path = Lib/libUniversalUI.dylib; sourceTree = "<group>"; };
/* End PBXFileReference section */

/* Begin PBXFrameworksBuildPhase section */
		96F4AB9929CC6E5F00EB30B3 /* Frameworks */ = {
			isa = PBXFrameworksBuildPhase;
			buildActionMask = 2147483647;
			files = (
				96F4ABD729CC703500EB30B3 /* libUniversalUI.dylib in Frameworks */,
			);
			runOnlyForDeploymentPostprocessing = 0;
		};
		96F4ABAE29CC6E6000EB30B3 /* Frameworks */ = {
			isa = PBXFrameworksBuildPhase;
			buildActionMask = 2147483647;
			files = (
			);
			runOnlyForDeploymentPostprocessing = 0;
		};
		96F4ABB829CC6E6000EB30B3 /* Frameworks */ = {
			isa = PBXFrameworksBuildPhase;
			buildActionMask = 2147483647;
			files = (
			);
			runOnlyForDeploymentPostprocessing = 0;
		};
/* End PBXFrameworksBuildPhase section */

/* Begin PBXGroup section */
		96F4AB9329CC6E5F00EB30B3 = {
			isa = PBXGroup;
			children = (
				96F4ABD429CC6FD900EB30B3 /* MyApp.entitlements */,
				96F4ABD029CC6F0100EB30B3 /* main.cpp */,
				96F4ABD229CC6F4A00EB30B3 /* UniversalUI */,
				96F4ABA529CC6E6000EB30B3 /* Assets.xcassets */,
				96F4ABD529CC703500EB30B3 /* Frameworks */,
			);
			sourceTree = "<group>";
		};
		96F4ABD529CC703500EB30B3 /* Frameworks */ = {
			isa = PBXGroup;
			children = (
				96F4ABD629CC703500EB30B3 /* libUniversalUI.dylib */,
			);
			name = Frameworks;
			sourceTree = "<group>";
		};
/* End PBXGroup section */

/* Begin PBXNativeTarget section */
		96F4AB9B29CC6E5F00EB30B3 /* MyApp */ = {
			isa = PBXNativeTarget;
			buildConfigurationList = 96F4ABC529CC6E6000EB30B3 /* Build configuration list for PBXNativeTarget "MyApp" */;
			buildPhases = (
				96F4AB9829CC6E5F00EB30B3 /* Sources */,
				96F4AB9929CC6E5F00EB30B3 /* Frameworks */,
				96F4AB9A29CC6E5F00EB30B3 /* Resources */,
				96F4ABD929CC714300EB30B3 /* Embed Libraries */,
			);
			buildRules = (
			);
			dependencies = (
			);
			name = MyApp;
			productName = MyApp;
			productReference = 96F4AB9C29CC6E5F00EB30B3 /* MyApp.app */;
			productType = "com.apple.product-type.application";
		};
		96F4ABB029CC6E6000EB30B3 /* MyAppTests */ = {
			isa = PBXNativeTarget;
			buildConfigurationList = 96F4ABC829CC6E6000EB30B3 /* Build configuration list for PBXNativeTarget "MyAppTests" */;
			buildPhases = (
				96F4ABAD29CC6E6000EB30B3 /* Sources */,
				96F4ABAE29CC6E6000EB30B3 /* Frameworks */,
				96F4ABAF29CC6E6000EB30B3 /* Resources */,
			);
			buildRules = (
			);
			dependencies = (
				96F4ABB329CC6E6000EB30B3 /* PBXTargetDependency */,
			);
			name = MyAppTests;
			productName = MyAppTests;
			productReference = 96F4ABB129CC6E6000EB30B3 /* MyAppTests.xctest */;
			productType = "com.apple.product-type.bundle.unit-test";
		};
		96F4ABBA29CC6E6000EB30B3 /* MyAppUITests */ = {
			isa = PBXNativeTarget;
			buildConfigurationList = 96F4ABCB29CC6E6000EB30B3 /* Build configuration list for PBXNativeTarget "MyAppUITests" */;
			buildPhases = (
				96F4ABB729CC6E6000EB30B3 /* Sources */,
				96F4ABB829CC6E6000EB30B3 /* Frameworks */,
				96F4ABB929CC6E6000EB30B3 /* Resources */,
			);
			buildRules = (
			);
			dependencies = (
				96F4ABBD29CC6E6000EB30B3 /* PBXTargetDependency */,
			);
			name = MyAppUITests;
			productName = MyAppUITests;
			productReference = 96F4ABBB29CC6E6000EB30B3 /* MyAppUITests.xctest */;
			productType = "com.apple.product-type.bundle.ui-testing";
		};
/* End PBXNativeTarget section */

/* Begin PBXProject section */
		96F4AB9429CC6E5F00EB30B3 /* Project object */ = {
			isa = PBXProject;
			attributes = {
				BuildIndependentTargetsInParallel = 1;
				LastUpgradeCheck = 1420;
				TargetAttributes = {
					96F4AB9B29CC6E5F00EB30B3 = {
						CreatedOnToolsVersion = 14.2;
					};
					96F4ABB029CC6E6000EB30B3 = {
						CreatedOnToolsVersion = 14.2;
						TestTargetID = 96F4AB9B29CC6E5F00EB30B3;
					};
					96F4ABBA29CC6E6000EB30B3 = {
						CreatedOnToolsVersion = 14.2;
						TestTargetID = 96F4AB9B29CC6E5F00EB30B3;
					};
				};
			};
			buildConfigurationList = 96F4AB9729CC6E5F00EB30B3 /* Build configuration list for PBXProject "MyApp" */;
			compatibilityVersion = "Xcode 14.0";
			developmentRegion = en;
			hasScannedForEncodings = 0;
			knownRegions = (
				en,
				Base,
			);
			mainGroup = 96F4AB9329CC6E5F00EB30B3;
			productRefGroup = 96F4AB9329CC6E5F00EB30B3;
			projectDirPath = "";
			projectRoot = "";
			targets = (
				96F4AB9B29CC6E5F00EB30B3 /* MyApp */,
				96F4ABB029CC6E6000EB30B3 /* MyAppTests */,
				96F4ABBA29CC6E6000EB30B3 /* MyAppUITests */,
			);
		};
/* End PBXProject section */

/* Begin PBXResourcesBuildPhase section */
		96F4AB9A29CC6E5F00EB30B3 /* Resources */ = {
			isa = PBXResourcesBuildPhase;
			buildActionMask = 2147483647;
			files = (
				96F4ABD329CC6F4A00EB30B3 /* UniversalUI in Resources */,
				96F4ABA629CC6E6000EB30B3 /* Assets.xcassets in Resources */,
			);
			runOnlyForDeploymentPostprocessing = 0;
		};
		96F4ABAF29CC6E6000EB30B3 /* Resources */ = {
			isa = PBXResourcesBuildPhase;
			buildActionMask = 2147483647;
			files = (
			);
			runOnlyForDeploymentPostprocessing = 0;
		};
		96F4ABB929CC6E6000EB30B3 /* Resources */ = {
			isa = PBXResourcesBuildPhase;
			buildActionMask = 2147483647;
			files = (
			);
			runOnlyForDeploymentPostprocessing = 0;
		};
/* End PBXResourcesBuildPhase section */

/* Begin PBXSourcesBuildPhase section */
		96F4AB9829CC6E5F00EB30B3 /* Sources */ = {
			isa = PBXSourcesBuildPhase;
			buildActionMask = 2147483647;
			files = (
				96F4ABD129CC6F0100EB30B3 /* main.cpp in Sources */,
			);
			runOnlyForDeploymentPostprocessing = 0;
		};
		96F4ABAD29CC6E6000EB30B3 /* Sources */ = {
			isa = PBXSourcesBuildPhase;
			buildActionMask = 2147483647;
			files = (
			);
			runOnlyForDeploymentPostprocessing = 0;
		};
		96F4ABB729CC6E6000EB30B3 /* Sources */ = {
			isa = PBXSourcesBuildPhase;
			buildActionMask = 2147483647;
			files = (
			);
			runOnlyForDeploymentPostprocessing = 0;
		};
/* End PBXSourcesBuildPhase section */

/* Begin PBXTargetDependency section */
		96F4ABB329CC6E6000EB30B3 /* PBXTargetDependency */ = {
			isa = PBXTargetDependency;
			target = 96F4AB9B29CC6E5F00EB30B3 /* MyApp */;
			targetProxy = 96F4ABB229CC6E6000EB30B3 /* PBXContainerItemProxy */;
		};
		96F4ABBD29CC6E6000EB30B3 /* PBXTargetDependency */ = {
			isa = PBXTargetDependency;
			target = 96F4AB9B29CC6E5F00EB30B3 /* MyApp */;
			targetProxy = 96F4ABBC29CC6E6000EB30B3 /* PBXContainerItemProxy */;
		};
/* End PBXTargetDependency section */

/* Begin XCBuildConfiguration section */
		96F4ABC329CC6E6000EB30B3 /* Debug */ = {
			isa = XCBuildConfiguration;
			buildSettings = {
				ALWAYS_SEARCH_USER_PATHS = NO;
				CLANG_ANALYZER_NONNULL = YES;
				CLANG_ANALYZER_NUMBER_OBJECT_CONVERSION = YES_AGGRESSIVE;
				CLANG_CXX_LANGUAGE_STANDARD = "gnu++20";
				CLANG_ENABLE_MODULES = YES;
				CLANG_ENABLE_OBJC_ARC = YES;
				CLANG_ENABLE_OBJC_WEAK = YES;
				CLANG_WARN_BLOCK_CAPTURE_AUTORELEASING = YES;
				CLANG_WARN_BOOL_CONVERSION = YES;
				CLANG_WARN_COMMA = YES;
				CLANG_WARN_CONSTANT_CONVERSION = YES;
				CLANG_WARN_DEPRECATED_OBJC_IMPLEMENTATIONS = YES;
				CLANG_WARN_DIRECT_OBJC_ISA_USAGE = YES_ERROR;
				CLANG_WARN_DOCUMENTATION_COMMENTS = YES;
				CLANG_WARN_EMPTY_BODY = YES;
				CLANG_WARN_ENUM_CONVERSION = YES;
				CLANG_WARN_INFINITE_RECURSION = YES;
				CLANG_WARN_INT_CONVERSION = YES;
				CLANG_WARN_NON_LITERAL_NULL_CONVERSION = YES;
				CLANG_WARN_OBJC_IMPLICIT_RETAIN_SELF = YES;
				CLANG_WARN_OBJC_LITERAL_CONVERSION = YES;
				CLANG_WARN_OBJC_ROOT_CLASS = YES_ERROR;
				CLANG_WARN_QUOTED_INCLUDE_IN_FRAMEWORK_HEADER = YES;
				CLANG_WARN_RANGE_LOOP_ANALYSIS = YES;
				CLANG_WARN_STRICT_PROTOTYPES = YES;
				CLANG_WARN_SUSPICIOUS_MOVE = YES;
				CLANG_WARN_UNGUARDED_AVAILABILITY = YES_AGGRESSIVE;
				CLANG_WARN_UNREACHABLE_CODE = YES;
				CLANG_WARN__DUPLICATE_METHOD_MATCH = YES;
				COPY_PHASE_STRIP = NO;
				DEBUG_INFORMATION_FORMAT = dwarf;
				ENABLE_STRICT_OBJC_MSGSEND = YES;
				ENABLE_TESTABILITY = YES;
				GCC_C_LANGUAGE_STANDARD = gnu11;
				GCC_DYNAMIC_NO_PIC = NO;
				GCC_NO_COMMON_BLOCKS = YES;
				GCC_OPTIMIZATION_LEVEL = 0;
				GCC_PREPROCESSOR_DEFINITIONS = (
					"DEBUG=1",
					"$(inherited)",
				);
				GCC_WARN_64_TO_32_BIT_CONVERSION = YES;
				GCC_WARN_ABOUT_RETURN_TYPE = YES_ERROR;
				GCC_WARN_UNDECLARED_SELECTOR = YES;
				GCC_WARN_UNINITIALIZED_AUTOS = YES_AGGRESSIVE;
				GCC_WARN_UNUSED_FUNCTION = YES;
				GCC_WARN_UNUSED_VARIABLE = YES;
				MACOSX_DEPLOYMENT_TARGET = 13.1;
				MTL_ENABLE_DEBUG_INFO = INCLUDE_SOURCE;
				MTL_FAST_MATH = YES;
				ONLY_ACTIVE_ARCH = YES;
				SDKROOT = macosx;
			};
			name = Debug;
		};
		96F4ABC429CC6E6000EB30B3 /* Release */ = {
			isa = XCBuildConfiguration;
			buildSettings = {
				ALWAYS_SEARCH_USER_PATHS = NO;
				CLANG_ANALYZER_NONNULL = YES;
				CLANG_ANALYZER_NUMBER_OBJECT_CONVERSION = YES_AGGRESSIVE;
				CLANG_CXX_LANGUAGE_STANDARD = "gnu++20";
				CLANG_ENABLE_MODULES = YES;
				CLANG_ENABLE_OBJC_ARC = YES;
				CLANG_ENABLE_OBJC_WEAK = YES;
				CLANG_WARN_BLOCK_CAPTURE_AUTORELEASING = YES;
				CLANG_WARN_BOOL_CONVERSION = YES;
				CLANG_WARN_COMMA = YES;
				CLANG_WARN_CONSTANT_CONVERSION = YES;
				CLANG_WARN_DEPRECATED_OBJC_IMPLEMENTATIONS = YES;
				CLANG_WARN_DIRECT_OBJC_ISA_USAGE = YES_ERROR;
				CLANG_WARN_DOCUMENTATION_COMMENTS = YES;
				CLANG_WARN_EMPTY_BODY = YES;
				CLANG_WARN_ENUM_CONVERSION = YES;
				CLANG_WARN_INFINITE_RECURSION = YES;
				CLANG_WARN_INT_CONVERSION = YES;
				CLANG_WARN_NON_LITERAL_NULL_CONVERSION = YES;
				CLANG_WARN_OBJC_IMPLICIT_RETAIN_SELF = YES;
				CLANG_WARN_OBJC_LITERAL_CONVERSION = YES;
				CLANG_WARN_OBJC_ROOT_CLASS = YES_ERROR;
				CLANG_WARN_QUOTED_INCLUDE_IN_FRAMEWORK_HEADER = YES;
				CLANG_WARN_RANGE_LOOP_ANALYSIS = YES;
				CLANG_WARN_STRICT_PROTOTYPES = YES;
				CLANG_WARN_SUSPICIOUS_MOVE = YES;
				CLANG_WARN_UNGUARDED_AVAILABILITY = YES_AGGRESSIVE;
				CLANG_WARN_UNREACHABLE_CODE = YES;
				CLANG_WARN__DUPLICATE_METHOD_MATCH = YES;
				COPY_PHASE_STRIP = NO;
				DEBUG_INFORMATION_FORMAT = "dwarf-with-dsym";
				ENABLE_NS_ASSERTIONS = NO;
				ENABLE_STRICT_OBJC_MSGSEND = YES;
				GCC_C_LANGUAGE_STANDARD = gnu11;
				GCC_NO_COMMON_BLOCKS = YES;
				GCC_WARN_64_TO_32_BIT_CONVERSION = YES;
				GCC_WARN_ABOUT_RETURN_TYPE = YES_ERROR;
				GCC_WARN_UNDECLARED_SELECTOR = YES;
				GCC_WARN_UNINITIALIZED_AUTOS = YES_AGGRESSIVE;
				GCC_WARN_UNUSED_FUNCTION = YES;
				GCC_WARN_UNUSED_VARIABLE = YES;
				MACOSX_DEPLOYMENT_TARGET = 13.1;
				MTL_ENABLE_DEBUG_INFO = NO;
				MTL_FAST_MATH = YES;
				SDKROOT = macosx;
			};
			name = Release;
		};
		96F4ABC629CC6E6000EB30B3 /* Debug */ = {
			isa = XCBuildConfiguration;
			buildSettings = {
				ASSETCATALOG_COMPILER_APPICON_NAME = AppIcon;
				ASSETCATALOG_COMPILER_GLOBAL_ACCENT_COLOR_NAME = AccentColor;
				CODE_SIGN_ENTITLEMENTS = MyApp/MyApp.entitlements;
				CODE_SIGN_STYLE = Automatic;
				COMBINE_HIDPI_IMAGES = YES;
				CURRENT_PROJECT_VERSION = 1;
				DEVELOPMENT_TEAM = 6YVVLBH5K4;
				ENABLE_HARDENED_RUNTIME = YES;
				GENERATE_INFOPLIST_FILE = YES;
				HEADER_SEARCH_PATHS = ./../../;
				INFOPLIST_KEY_NSHumanReadableCopyright = "";
				INFOPLIST_KEY_NSMainStoryboardFile = Main;
				INFOPLIST_KEY_NSPrincipalClass = NSApplication;
				LD_RUNPATH_SEARCH_PATHS = (
					"$(inherited)",
					"@executable_path/../Frameworks",
				);
				LIBRARY_SEARCH_PATHS = (
					"$(inherited)",
					"$(PROJECT_DIR)/Lib",
				);
				MARKETING_VERSION = 1.0;
				PRODUCT_BUNDLE_IDENTIFIER = SebHall.MyApp;
				PRODUCT_NAME = "$(TARGET_NAME)";
				SWIFT_EMIT_LOC_STRINGS = YES;
			};
			name = Debug;
		};
		96F4ABC729CC6E6000EB30B3 /* Release */ = {
			isa = XCBuildConfiguration;
			buildSettings = {
				ASSETCATALOG_COMPILER_APPICON_NAME = AppIcon;
				ASSETCATALOG_COMPILER_GLOBAL_ACCENT_COLOR_NAME = AccentColor;
				CODE_SIGN_ENTITLEMENTS = MyApp/MyApp.entitlements;
				CODE_SIGN_STYLE = Automatic;
				COMBINE_HIDPI_IMAGES = YES;
				CURRENT_PROJECT_VERSION = 1;
				DEVELOPMENT_TEAM = 6YVVLBH5K4;
				ENABLE_HARDENED_RUNTIME = YES;
				GENERATE_INFOPLIST_FILE = YES;
				HEADER_SEARCH_PATHS = ./../../;
				INFOPLIST_KEY_NSHumanReadableCopyright = "";
				INFOPLIST_KEY_NSMainStoryboardFile = Main;
				INFOPLIST_KEY_NSPrincipalClass = NSApplication;
				LD_RUNPATH_SEARCH_PATHS = (
					"$(inherited)",
					"@executable_path/../Frameworks",
				);
				LIBRARY_SEARCH_PATHS = (
					"$(inherited)",
					"$(PROJECT_DIR)/Lib",
				);
				MARKETING_VERSION = 1.0;
				PRODUCT_BUNDLE_IDENTIFIER = SebHall.MyApp;
				PRODUCT_NAME = "$(TARGET_NAME)";
				SWIFT_EMIT_LOC_STRINGS = YES;
			};
			name = Release;
		};
		96F4ABC929CC6E6000EB30B3 /* Debug */ = {
			isa = XCBuildConfiguration;
			buildSettings = {
				BUNDLE_LOADER = "$(TEST_HOST)";
				CODE_SIGN_STYLE = Automatic;
				CURRENT_PROJECT_VERSION = 1;
				DEVELOPMENT_TEAM = 6YVVLBH5K4;
				GENERATE_INFOPLIST_FILE = YES;
				MACOSX_DEPLOYMENT_TARGET = 13.1;
				MARKETING_VERSION = 1.0;
				PRODUCT_BUNDLE_IDENTIFIER = SebHall.MyAppTests;
				PRODUCT_NAME = "$(TARGET_NAME)";
				SWIFT_EMIT_LOC_STRINGS = NO;
				TEST_HOST = "$(BUILT_PRODUCTS_DIR)/MyApp.app/$(BUNDLE_EXECUTABLE_FOLDER_PATH)/MyApp";
			};
			name = Debug;
		};
		96F4ABCA29CC6E6000EB30B3 /* Release */ = {
			isa = XCBuildConfiguration;
			buildSettings = {
				BUNDLE_LOADER = "$(TEST_HOST)";
				CODE_SIGN_STYLE = Automatic;
				CURRENT_PROJECT_VERSION = 1;
				DEVELOPMENT_TEAM = 6YVVLBH5K4;
				GENERATE_INFOPLIST_FILE = YES;
				MACOSX_DEPLOYMENT_TARGET = 13.1;
				MARKETING_VERSION = 1.0;
				PRODUCT_BUNDLE_IDENTIFIER = SebHall.MyAppTests;
				PRODUCT_NAME = "$(TARGET_NAME)";
				SWIFT_EMIT_LOC_STRINGS = NO;
				TEST_HOST = "$(BUILT_PRODUCTS_DIR)/MyApp.app/$(BUNDLE_EXECUTABLE_FOLDER_PATH)/MyApp";
			};
			name = Release;
		};
		96F4ABCC29CC6E6000EB30B3 /* Debug */ = {
			isa = XCBuildConfiguration;
			buildSettings = {
				CODE_SIGN_STYLE = Automatic;
				CURRENT_PROJECT_VERSION = 1;
				DEVELOPMENT_TEAM = 6YVVLBH5K4;
				GENERATE_INFOPLIST_FILE = YES;
				MARKETING_VERSION = 1.0;
				PRODUCT_BUNDLE_IDENTIFIER = SebHall.MyAppUITests;
				PRODUCT_NAME = "$(TARGET_NAME)";
				SWIFT_EMIT_LOC_STRINGS = NO;
				TEST_TARGET_NAME = MyApp;
			};
			name = Debug;
		};
		96F4ABCD29CC6E6000EB30B3 /* Release */ = {
			isa = XCBuildConfiguration;
			buildSettings = {
				CODE_SIGN_STYLE = Automatic;
				CURRENT_PROJECT_VERSION = 1;
				DEVELOPMENT_TEAM = 6YVVLBH5K4;
				GENERATE_INFOPLIST_FILE = YES;
				MARKETING_VERSION = 1.0;
				PRODUCT_BUNDLE_IDENTIFIER = SebHall.MyAppUITests;
				PRODUCT_NAME = "$(TARGET_NAME)";
				SWIFT_EMIT_LOC_STRINGS = NO;
				TEST_TARGET_NAME = MyApp;
			};
			name = Release;
		};
/* End XCBuildConfiguration section */

/* Begin XCConfigurationList section */
		96F4AB9729CC6E5F00EB30B3 /* Build configuration list for PBXProject "MyApp" */ = {
			isa = XCConfigurationList;
			buildConfigurations = (
				96F4ABC329CC6E6000EB30B3 /* Debug */,
				96F4ABC429CC6E6000EB30B3 /* Release */,
			);
			defaultConfigurationIsVisible = 0;
			defaultConfigurationName = Release;
		};
		96F4ABC529CC6E6000EB30B3 /* Build configuration list for PBXNativeTarget "MyApp" */ = {
			isa = XCConfigurationList;
			buildConfigurations = (
				96F4ABC629CC6E6000EB30B3 /* Debug */,
				96F4ABC729CC6E6000EB30B3 /* Release */,
			);
			defaultConfigurationIsVisible = 0;
			defaultConfigurationName = Release;
		};
		96F4ABC829CC6E6000EB30B3 /* Build configuration list for PBXNativeTarget "MyAppTests" */ = {
			isa = XCConfigurationList;
			buildConfigurations = (
				96F4ABC929CC6E6000EB30B3 /* Debug */,
				96F4ABCA29CC6E6000EB30B3 /* Release */,
			);
			defaultConfigurationIsVisible = 0;
			defaultConfigurationName = Release;
		};
		96F4ABCB29CC6E6000EB30B3 /* Build configuration list for PBXNativeTarget "MyAppUITests" */ = {
			isa = XCConfigurationList;
			buildConfigurations = (
				96F4ABCC29CC6E6000EB30B3 /* Debug */,
				96F4ABCD29CC6E6000EB30B3 /* Release */,
			);
			defaultConfigurationIsVisible = 0;
			defaultConfigurationName = Release;
		};
/* End XCConfigurationList section */
	};
	rootObject = 96F4AB9429CC6E5F00EB30B3 /* Project object */;
}
